
Microsoft Visual Studio Solution File, Format Version 12.00
# Visual Studio 15
VisualStudioVersion = 15.0.27130.2020
MinimumVisualStudioVersion = 10.0.40219.1
Project("{FAE04EC0-301F-11D3-BF4B-00C04F79EFBC}") = "Sudoku", "Sudoku\Sudoku.csproj", "{A6DA454A-9E76-4715-8A9C-4A3B038FAF1C}"
EndProject
Global
	GlobalSection(SolutionConfigurationPlatforms) = preSolution
		Debug|Any CPU = Debug|Any CPU
		Release|Any CPU = Release|Any CPU
	EndGlobalSection
	GlobalSection(ProjectConfigurationPlatforms) = postSolution
		{A6DA454A-9E76-4715-8A9C-4A3B038FAF1C}.Debug|Any CPU.ActiveCfg = Debug|Any CPU
		{A6DA454A-9E76-4715-8A9C-4A3B038FAF1C}.Debug|Any CPU.Build.0 = Debug|Any CPU
		{A6DA454A-9E76-4715-8A9C-4A3B038FAF1C}.Release|Any CPU.ActiveCfg = Release|Any CPU
		{A6DA454A-9E76-4715-8A9C-4A3B038FAF1C}.Release|Any CPU.Build.0 = Release|Any CPU
	EndGlobalSection
	GlobalSection(SolutionProperties) = preSolution
		HideSolutionNode = FALSE
	EndGlobalSection
	GlobalSection(ExtensibilityGlobals) = postSolution
		SolutionGuid = {B7696784-AC1C-4FC9-AF76-84FD73113092}
	EndGlobalSection
EndGlobal
